schema: '2.0'
stages:
  data_cleaning:
    cmd: python src/data/data_cleaning.py
    deps:
    - path: data\raw\swiggy.csv
      hash: md5
      md5: 0b050b37dfe6cfbfaa18d7cb4e454377
      size: 7772212
    - path: src/data/data_cleaning.py
      hash: md5
      md5: f5ad421aafd57c91a1366fef5b226570
      size: 9519
    outs:
    - path: data/cleaned/swiggy_cleaned.csv
      hash: md5
      md5: 4918716e52fc57babdcd400dfb3c3f29
      size: 4508527
  data_preparation:
    cmd: python src/data/data_preparation.py
    deps:
    - path: data/cleaned/swiggy_cleaned.csv
      hash: md5
      md5: 4918716e52fc57babdcd400dfb3c3f29
      size: 4508527
    - path: params.yaml
      hash: md5
      md5: e827535193180b2f81d106ab4a15a7f0
      size: 551
    - path: src/data/data_preparation.py
      hash: md5
      md5: 3e2a96e903923880992e6268edefca49
      size: 3007
    params:
      params.yaml:
        Data_Preparation.random_state: 44
        Data_Preparation.test_size: 0.2
    outs:
    - path: data/interim/test.csv
      hash: md5
      md5: 14db8d1ffe95ce76afa54770e9991fcc
      size: 901838
    - path: data/interim/train.csv
      hash: md5
      md5: d16c2a8b0bdaf1f0e435eb1b183c405b
      size: 3603731
  data_preprocessing:
    cmd: python src/features/data_preprocessing.py
    deps:
    - path: data/interim/test.csv
      hash: md5
      md5: 14db8d1ffe95ce76afa54770e9991fcc
      size: 901838
    - path: data/interim/train.csv
      hash: md5
      md5: d16c2a8b0bdaf1f0e435eb1b183c405b
      size: 3603731
    - path: src/features/data_preprocessing.py
      hash: md5
      md5: 810aa8e5ba248c3054cabbccbaa0d56e
      size: 6943
    outs:
    - path: data/processed/test_trans.csv
      hash: md5
      md5: abf9f4a0b7e6d00ceaa2f9915a504798
      size: 1088555
    - path: data/processed/train_trans.csv
      hash: md5
      md5: aba2d70224ccfa8d47ec316b86db5a2e
      size: 4330178
    - path: models/preprocessor.joblib
      hash: md5
      md5: 142c7bbbcd90a6c09487d61d4518a0a3
      size: 7487
  train:
    cmd: python src/models/train.py
    deps:
    - path: data/processed/train_trans.csv
      hash: md5
      md5: aba2d70224ccfa8d47ec316b86db5a2e
      size: 4330178
    - path: src/models/train.py
      hash: md5
      md5: b7b69ed8e77672b21bfffc93336aa161
      size: 4910
    params:
      params.yaml:
        Train.LightGBM:
          n_estimators: 154
          max_depth: 27
          learning_rate: 0.22234435854395157
          subsample: 0.7592213724048168
          min_child_weight: 20
          min_split_gain: 0.004604680609280751
          reg_lambda: 97.81002379097947
          n_jobs: -1
        Train.Random_Forest:
          n_estimators: 479
          criterion: squared_error
          max_depth: 17
          max_features: 1
          min_samples_split: 9
          min_samples_leaf: 2
          max_samples: 0.6603673526197066
          verbose: 1
          n_jobs: -1
    outs:
    - path: models/model.joblib
      hash: md5
      md5: 27225c4c1040151e6b9b5d003255d4ac
      size: 157290312
    - path: models/power_transformer.joblib
      hash: md5
      md5: 4696de0b0b71805863383dd169f16a86
      size: 837
    - path: models/stacking_regressor.joblib
      hash: md5
      md5: 7f71b5c725bc5e0cf4f1652395f7669d
      size: 157278730
  evaluation:
    cmd: python src/models/evaluation.py
    deps:
    - path: data/processed/test_trans.csv
      hash: md5
      md5: abf9f4a0b7e6d00ceaa2f9915a504798
      size: 1088555
    - path: data/processed/train_trans.csv
      hash: md5
      md5: aba2d70224ccfa8d47ec316b86db5a2e
      size: 4330178
    - path: models/model.joblib
      hash: md5
      md5: 27225c4c1040151e6b9b5d003255d4ac
      size: 157290312
    - path: src/models/evaluation.py
      hash: md5
      md5: ddfae42bfd34d5ebcac7441a18007d27
      size: 6066
    outs:
    - path: run_information.json
      hash: md5
      md5: 591f88e618856e9689e340268fadc72f
      size: 220
  register_model:
    cmd: python src/models/register_model.py
    deps:
    - path: run_information.json
      hash: md5
      md5: 6296727a9a9f581f11ffb1bfe8a4ffea
      size: 220
    - path: src/models/register_model.py
      hash: md5
      md5: 9ad985e22ddcc908fba5942cadd92774
      size: 2359
