schema: '2.0'
stages:
  data_cleaning:
    cmd: python src/data/data_cleaning.py
    deps:
    - path: data\raw\swiggy.csv
      hash: md5
      md5: 0b050b37dfe6cfbfaa18d7cb4e454377
      size: 7772212
    - path: src/data/data_cleaning.py
      hash: md5
      md5: f5ad421aafd57c91a1366fef5b226570
      size: 9519
    outs:
    - path: data/cleaned/swiggy_cleaned.csv
      hash: md5
      md5: 4918716e52fc57babdcd400dfb3c3f29
      size: 4508527
  data_preparation:
    cmd: python src/data/data_preparation.py
    deps:
    - path: data/cleaned/swiggy_cleaned.csv
      hash: md5
      md5: 4918716e52fc57babdcd400dfb3c3f29
      size: 4508527
    - path: params.yaml
      hash: md5
      md5: bed3cde386864c752ebe30fe24de2ff0
      size: 551
    - path: src/data/data_preparation.py
      hash: md5
      md5: b97a07258b547e03768bab50f2f670ea
      size: 3007
    params:
      params.yaml:
        Data_Preparation.random_state: 36
        Data_Preparation.test_size: 0.2
    outs:
    - path: data/interim/test.csv
      hash: md5
      md5: c42107e1318b9b45c6e25290d4d2fa2a
      size: 901502
    - path: data/interim/train.csv
      hash: md5
      md5: c59a903d71df808745bc01e8fd6bf256
      size: 3604067
  data_preprocessing:
    cmd: python src/features/data_preprocessing.py
    deps:
    - path: data/interim/test.csv
      hash: md5
      md5: c42107e1318b9b45c6e25290d4d2fa2a
      size: 901502
    - path: data/interim/train.csv
      hash: md5
      md5: c59a903d71df808745bc01e8fd6bf256
      size: 3604067
    - path: src/features/data_preprocessing.py
      hash: md5
      md5: 35e50c87c02a387a08216744c7e31670
      size: 6943
    outs:
    - path: data/processed/test_trans.csv
      hash: md5
      md5: 7913876f16762fb1e567b11267195ec5
      size: 1089218
    - path: data/processed/train_trans.csv
      hash: md5
      md5: 3e69ee055cffe8a153806826c67d5101
      size: 4329515
    - path: models/preprocessor.joblib
      hash: md5
      md5: 3e73add7d69665fb60c54cd53a495f35
      size: 8189
  train:
    cmd: python src/models/train.py
    deps:
    - path: data/processed/train_trans.csv
      hash: md5
      md5: 3e69ee055cffe8a153806826c67d5101
      size: 4329515
    - path: src/models/train.py
      hash: md5
      md5: b7b69ed8e77672b21bfffc93336aa161
      size: 4910
    params:
      params.yaml:
        Train.LightGBM:
          n_estimators: 154
          max_depth: 27
          learning_rate: 0.22234435854395157
          subsample: 0.7592213724048168
          min_child_weight: 20
          min_split_gain: 0.004604680609280751
          reg_lambda: 97.81002379097947
          n_jobs: -1
        Train.Random_Forest:
          n_estimators: 479
          criterion: squared_error
          max_depth: 17
          max_features: 1
          min_samples_split: 9
          min_samples_leaf: 2
          max_samples: 0.6603673526197066
          verbose: 1
          n_jobs: -1
    outs:
    - path: models/model.joblib
      hash: md5
      md5: 12af1d1a0a04bd38120477be7fa2be3b
      size: 157509368
    - path: models/power_transformer.joblib
      hash: md5
      md5: 8579fcd9ed895f1f824c547b7274e39b
      size: 837
    - path: models/stacking_regressor.joblib
      hash: md5
      md5: 715d86883f139629be98a53904d73627
      size: 157497834
  evaluation:
    cmd: python src/models/evaluation.py
    deps:
    - path: data/processed/test_trans.csv
      hash: md5
      md5: 7913876f16762fb1e567b11267195ec5
      size: 1089218
    - path: data/processed/train_trans.csv
      hash: md5
      md5: 3e69ee055cffe8a153806826c67d5101
      size: 4329515
    - path: models/model.joblib
      hash: md5
      md5: 12af1d1a0a04bd38120477be7fa2be3b
      size: 157509368
    - path: src/models/evaluation.py
      hash: md5
      md5: 3cb837698bdeae17fa55c1a9a9a5300f
      size: 6022
    outs:
    - path: run_information.json
      hash: md5
      md5: 6296727a9a9f581f11ffb1bfe8a4ffea
      size: 220
  register_model:
    cmd: python src/models/register_model.py
    deps:
    - path: run_information.json
      hash: md5
      md5: 6296727a9a9f581f11ffb1bfe8a4ffea
      size: 220
    - path: src/models/register_model.py
      hash: md5
      md5: f702559820ab5dde5c5c125a8c36faa0
      size: 2496
